
Microsoft Visual Studio Solution File, Format Version 12.00
# Visual Studio Version 17
VisualStudioVersion = 17.14.36408.4 d17.14
MinimumVisualStudioVersion = 10.0.40219.1
Project("{FAE04EC0-301F-11D3-BF4B-00C04F79EFBC}") = "ISIP422_Mozgunova", "ISIP422_Mozgunova.csproj", "{0319F95D-FF2E-445F-A7D6-D989D70AEAA0}"
EndProject
Global
	GlobalSection(SolutionConfigurationPlatforms) = preSolution
		Debug|Any CPU = Debug|Any CPU
		Release|Any CPU = Release|Any CPU
	EndGlobalSection
	GlobalSection(ProjectConfigurationPlatforms) = postSolution
		{0319F95D-FF2E-445F-A7D6-D989D70AEAA0}.Debug|Any CPU.ActiveCfg = Debug|Any CPU
		{0319F95D-FF2E-445F-A7D6-D989D70AEAA0}.Debug|Any CPU.Build.0 = Debug|Any CPU
		{0319F95D-FF2E-445F-A7D6-D989D70AEAA0}.Release|Any CPU.ActiveCfg = Release|Any CPU
		{0319F95D-FF2E-445F-A7D6-D989D70AEAA0}.Release|Any CPU.Build.0 = Release|Any CPU
	EndGlobalSection
	GlobalSection(SolutionProperties) = preSolution
		HideSolutionNode = FALSE
	EndGlobalSection
	GlobalSection(ExtensibilityGlobals) = postSolution
		SolutionGuid = {2CBEF63B-5638-4969-AAD2-F7A8692131BC}
	EndGlobalSection
EndGlobal
